
Microsoft Visual Studio Solution File, Format Version 11.00
# Visual Studio 2010
Project("{FAE04EC0-301F-11D3-BF4B-00C04F79EFBC}") = "SotckAnalyzer", "StockAnalyzer\SotckAnalyzer.csproj", "{D301A688-C1EA-4168-9206-4D0F4379DE80}"
EndProject
Project("{FAE04EC0-301F-11D3-BF4B-00C04F79EFBC}") = "DownloadData", "DownloadData\DownloadData.csproj", "{8E37DA8B-A01C-492A-B160-9ADAE343E638}"
EndProject
Project("{FAE04EC0-301F-11D3-BF4B-00C04F79EFBC}") = "Common", "Common\Common.csproj", "{8C100380-0414-43DB-AA3B-32417C48C89F}"
EndProject
Project("{FAE04EC0-301F-11D3-BF4B-00C04F79EFBC}") = "AutoDownload", "AutoDownload\AutoDownload.csproj", "{ACED5DB1-6FD8-489B-89C7-09516A12AACA}"
EndProject
Project("{FAE04EC0-301F-11D3-BF4B-00C04F79EFBC}") = "AutoAnalyzer", "AutoAnalyzer\AutoAnalyzer.csproj", "{E7E5BA7F-A0B3-41E0-AFC6-277B201EFD1F}"
EndProject
Global
	GlobalSection(SolutionConfigurationPlatforms) = preSolution
		Debug|Any CPU = Debug|Any CPU
		Debug|Mixed Platforms = Debug|Mixed Platforms
		Debug|x86 = Debug|x86
		Release|Any CPU = Release|Any CPU
		Release|Mixed Platforms = Release|Mixed Platforms
		Release|x86 = Release|x86
	EndGlobalSection
	GlobalSection(ProjectConfigurationPlatforms) = postSolution
		{D301A688-C1EA-4168-9206-4D0F4379DE80}.Debug|Any CPU.ActiveCfg = Debug|x86
		{D301A688-C1EA-4168-9206-4D0F4379DE80}.Debug|Mixed Platforms.ActiveCfg = Debug|x86
		{D301A688-C1EA-4168-9206-4D0F4379DE80}.Debug|Mixed Platforms.Build.0 = Debug|x86
		{D301A688-C1EA-4168-9206-4D0F4379DE80}.Debug|x86.ActiveCfg = Debug|x86
		{D301A688-C1EA-4168-9206-4D0F4379DE80}.Debug|x86.Build.0 = Debug|x86
		{D301A688-C1EA-4168-9206-4D0F4379DE80}.Release|Any CPU.ActiveCfg = Release|x86
		{D301A688-C1EA-4168-9206-4D0F4379DE80}.Release|Mixed Platforms.ActiveCfg = Release|x86
		{D301A688-C1EA-4168-9206-4D0F4379DE80}.Release|Mixed Platforms.Build.0 = Release|x86
		{D301A688-C1EA-4168-9206-4D0F4379DE80}.Release|x86.ActiveCfg = Release|x86
		{D301A688-C1EA-4168-9206-4D0F4379DE80}.Release|x86.Build.0 = Release|x86
		{8E37DA8B-A01C-492A-B160-9ADAE343E638}.Debug|Any CPU.ActiveCfg = Debug|x86
		{8E37DA8B-A01C-492A-B160-9ADAE343E638}.Debug|Mixed Platforms.ActiveCfg = Debug|x86
		{8E37DA8B-A01C-492A-B160-9ADAE343E638}.Debug|Mixed Platforms.Build.0 = Debug|x86
		{8E37DA8B-A01C-492A-B160-9ADAE343E638}.Debug|x86.ActiveCfg = Debug|x86
		{8E37DA8B-A01C-492A-B160-9ADAE343E638}.Debug|x86.Build.0 = Debug|x86
		{8E37DA8B-A01C-492A-B160-9ADAE343E638}.Release|Any CPU.ActiveCfg = Release|x86
		{8E37DA8B-A01C-492A-B160-9ADAE343E638}.Release|Mixed Platforms.ActiveCfg = Release|x86
		{8E37DA8B-A01C-492A-B160-9ADAE343E638}.Release|Mixed Platforms.Build.0 = Release|x86
		{8E37DA8B-A01C-492A-B160-9ADAE343E638}.Release|x86.ActiveCfg = Release|x86
		{8E37DA8B-A01C-492A-B160-9ADAE343E638}.Release|x86.Build.0 = Release|x86
		{8C100380-0414-43DB-AA3B-32417C48C89F}.Debug|Any CPU.ActiveCfg = Debug|x86
		{8C100380-0414-43DB-AA3B-32417C48C89F}.Debug|Mixed Platforms.ActiveCfg = Debug|x86
		{8C100380-0414-43DB-AA3B-32417C48C89F}.Debug|Mixed Platforms.Build.0 = Debug|x86
		{8C100380-0414-43DB-AA3B-32417C48C89F}.Debug|x86.ActiveCfg = Debug|x86
		{8C100380-0414-43DB-AA3B-32417C48C89F}.Debug|x86.Build.0 = Debug|x86
		{8C100380-0414-43DB-AA3B-32417C48C89F}.Release|Any CPU.ActiveCfg = Release|x86
		{8C100380-0414-43DB-AA3B-32417C48C89F}.Release|Mixed Platforms.ActiveCfg = Release|x86
		{8C100380-0414-43DB-AA3B-32417C48C89F}.Release|Mixed Platforms.Build.0 = Release|x86
		{8C100380-0414-43DB-AA3B-32417C48C89F}.Release|x86.ActiveCfg = Release|x86
		{8C100380-0414-43DB-AA3B-32417C48C89F}.Release|x86.Build.0 = Release|x86
		{ACED5DB1-6FD8-489B-89C7-09516A12AACA}.Debug|Any CPU.ActiveCfg = Debug|x86
		{ACED5DB1-6FD8-489B-89C7-09516A12AACA}.Debug|Mixed Platforms.ActiveCfg = Debug|x86
		{ACED5DB1-6FD8-489B-89C7-09516A12AACA}.Debug|Mixed Platforms.Build.0 = Debug|x86
		{ACED5DB1-6FD8-489B-89C7-09516A12AACA}.Debug|x86.ActiveCfg = Debug|x86
		{ACED5DB1-6FD8-489B-89C7-09516A12AACA}.Debug|x86.Build.0 = Debug|x86
		{ACED5DB1-6FD8-489B-89C7-09516A12AACA}.Release|Any CPU.ActiveCfg = Release|x86
		{ACED5DB1-6FD8-489B-89C7-09516A12AACA}.Release|Mixed Platforms.ActiveCfg = Release|x86
		{ACED5DB1-6FD8-489B-89C7-09516A12AACA}.Release|Mixed Platforms.Build.0 = Release|x86
		{ACED5DB1-6FD8-489B-89C7-09516A12AACA}.Release|x86.ActiveCfg = Release|x86
		{ACED5DB1-6FD8-489B-89C7-09516A12AACA}.Release|x86.Build.0 = Release|x86
		{E7E5BA7F-A0B3-41E0-AFC6-277B201EFD1F}.Debug|Any CPU.ActiveCfg = Debug|x86
		{E7E5BA7F-A0B3-41E0-AFC6-277B201EFD1F}.Debug|Mixed Platforms.ActiveCfg = Debug|x86
		{E7E5BA7F-A0B3-41E0-AFC6-277B201EFD1F}.Debug|Mixed Platforms.Build.0 = Debug|x86
		{E7E5BA7F-A0B3-41E0-AFC6-277B201EFD1F}.Debug|x86.ActiveCfg = Debug|x86
		{E7E5BA7F-A0B3-41E0-AFC6-277B201EFD1F}.Debug|x86.Build.0 = Debug|x86
		{E7E5BA7F-A0B3-41E0-AFC6-277B201EFD1F}.Release|Any CPU.ActiveCfg = Release|x86
		{E7E5BA7F-A0B3-41E0-AFC6-277B201EFD1F}.Release|Mixed Platforms.ActiveCfg = Release|x86
		{E7E5BA7F-A0B3-41E0-AFC6-277B201EFD1F}.Release|Mixed Platforms.Build.0 = Release|x86
		{E7E5BA7F-A0B3-41E0-AFC6-277B201EFD1F}.Release|x86.ActiveCfg = Release|x86
		{E7E5BA7F-A0B3-41E0-AFC6-277B201EFD1F}.Release|x86.Build.0 = Release|x86
	EndGlobalSection
	GlobalSection(SolutionProperties) = preSolution
		HideSolutionNode = FALSE
	EndGlobalSection
EndGlobal
