
Microsoft Visual Studio Solution File, Format Version 12.00
# Visual Studio 2012
Project("{FAE04EC0-301F-11D3-BF4B-00C04F79EFBC}") = "DownloadData", "DownloadData\DownloadData.csproj", "{8E37DA8B-A01C-492A-B160-9ADAE343E638}"
EndProject
Project("{FAE04EC0-301F-11D3-BF4B-00C04F79EFBC}") = "Common", "Common\Common.csproj", "{8C100380-0414-43DB-AA3B-32417C48C89F}"
EndProject
Project("{FAE04EC0-301F-11D3-BF4B-00C04F79EFBC}") = "AutoDownload", "AutoDownload\AutoDownload.csproj", "{ACED5DB1-6FD8-489B-89C7-09516A12AACA}"
EndProject
Project("{FAE04EC0-301F-11D3-BF4B-00C04F79EFBC}") = "Test", "StockList\Test.csproj", "{AF16D744-EBA3-4716-A242-D3B495D81AE1}"
EndProject
Project("{FAE04EC0-301F-11D3-BF4B-00C04F79EFBC}") = "Import", "Import\Import.csproj", "{34B4CEC5-B675-4BB9-AD79-B5F3EF9CE8E9}"
EndProject
Project("{FAE04EC0-301F-11D3-BF4B-00C04F79EFBC}") = "Info", "Info\Info.csproj", "{20423B1A-5938-4B6B-AEC0-BF2B971EB5C5}"
EndProject
Project("{FAE04EC0-301F-11D3-BF4B-00C04F79EFBC}") = "BizData", "BizData\BizData.csproj", "{66C0B860-1C77-4E05-B6BB-4343290D7F2E}"
EndProject
Project("{FAE04EC0-301F-11D3-BF4B-00C04F79EFBC}") = "Rest", "Rest\Rest.csproj", "{E9B9B532-23BB-4179-9163-586AC99948BE}"
EndProject
Project("{FAE04EC0-301F-11D3-BF4B-00C04F79EFBC}") = "Analyze", "Analyze\Analyze.csproj", "{16A1E72D-F214-47DB-A3D0-59D441BBCCCD}"
EndProject
Project("{FAE04EC0-301F-11D3-BF4B-00C04F79EFBC}") = "InfoExt", "InfoExt\InfoExt.csproj", "{79F0ED0E-12AD-48F2-9B28-F932EEDC296D}"
EndProject
Project("{FAE04EC0-301F-11D3-BF4B-00C04F79EFBC}") = "Rzrq", "Rzrq\Rzrq.csproj", "{26FAC8F7-0E62-4FD6-AACC-F35608966098}"
EndProject
Project("{FAE04EC0-301F-11D3-BF4B-00C04F79EFBC}") = "AnalyzeRzrq", "AnalyzeRzrq\AnalyzeRzrq.csproj", "{2D569098-BCD2-476B-B816-AF6E4361B033}"
EndProject
Project("{FAE04EC0-301F-11D3-BF4B-00C04F79EFBC}") = "UpdateBigDeal", "UpdateBigDeal\UpdateBigDeal.csproj", "{1E39B780-9FA9-4B03-B790-ADEA0A291A16}"
EndProject
Global
	GlobalSection(SolutionConfigurationPlatforms) = preSolution
		Debug|Any CPU = Debug|Any CPU
		Debug|Mixed Platforms = Debug|Mixed Platforms
		Debug|x64 = Debug|x64
		Debug|x86 = Debug|x86
		Release|Any CPU = Release|Any CPU
		Release|Mixed Platforms = Release|Mixed Platforms
		Release|x64 = Release|x64
		Release|x86 = Release|x86
	EndGlobalSection
	GlobalSection(ProjectConfigurationPlatforms) = postSolution
		{8E37DA8B-A01C-492A-B160-9ADAE343E638}.Debug|Any CPU.ActiveCfg = Debug|Any CPU
		{8E37DA8B-A01C-492A-B160-9ADAE343E638}.Debug|Any CPU.Build.0 = Debug|Any CPU
		{8E37DA8B-A01C-492A-B160-9ADAE343E638}.Debug|Mixed Platforms.ActiveCfg = Debug|Any CPU
		{8E37DA8B-A01C-492A-B160-9ADAE343E638}.Debug|Mixed Platforms.Build.0 = Debug|Any CPU
		{8E37DA8B-A01C-492A-B160-9ADAE343E638}.Debug|x64.ActiveCfg = Debug|Any CPU
		{8E37DA8B-A01C-492A-B160-9ADAE343E638}.Debug|x86.ActiveCfg = Debug|Any CPU
		{8E37DA8B-A01C-492A-B160-9ADAE343E638}.Release|Any CPU.ActiveCfg = Release|Any CPU
		{8E37DA8B-A01C-492A-B160-9ADAE343E638}.Release|Any CPU.Build.0 = Release|Any CPU
		{8E37DA8B-A01C-492A-B160-9ADAE343E638}.Release|Mixed Platforms.ActiveCfg = Release|Any CPU
		{8E37DA8B-A01C-492A-B160-9ADAE343E638}.Release|Mixed Platforms.Build.0 = Release|Any CPU
		{8E37DA8B-A01C-492A-B160-9ADAE343E638}.Release|x64.ActiveCfg = Release|Any CPU
		{8E37DA8B-A01C-492A-B160-9ADAE343E638}.Release|x86.ActiveCfg = Release|Any CPU
		{8C100380-0414-43DB-AA3B-32417C48C89F}.Debug|Any CPU.ActiveCfg = Debug|Any CPU
		{8C100380-0414-43DB-AA3B-32417C48C89F}.Debug|Any CPU.Build.0 = Debug|Any CPU
		{8C100380-0414-43DB-AA3B-32417C48C89F}.Debug|Mixed Platforms.ActiveCfg = Debug|Any CPU
		{8C100380-0414-43DB-AA3B-32417C48C89F}.Debug|Mixed Platforms.Build.0 = Debug|Any CPU
		{8C100380-0414-43DB-AA3B-32417C48C89F}.Debug|x64.ActiveCfg = Debug|Any CPU
		{8C100380-0414-43DB-AA3B-32417C48C89F}.Debug|x86.ActiveCfg = Debug|Any CPU
		{8C100380-0414-43DB-AA3B-32417C48C89F}.Release|Any CPU.ActiveCfg = Release|Any CPU
		{8C100380-0414-43DB-AA3B-32417C48C89F}.Release|Any CPU.Build.0 = Release|Any CPU
		{8C100380-0414-43DB-AA3B-32417C48C89F}.Release|Mixed Platforms.ActiveCfg = Release|Any CPU
		{8C100380-0414-43DB-AA3B-32417C48C89F}.Release|Mixed Platforms.Build.0 = Release|Any CPU
		{8C100380-0414-43DB-AA3B-32417C48C89F}.Release|x64.ActiveCfg = Release|Any CPU
		{8C100380-0414-43DB-AA3B-32417C48C89F}.Release|x86.ActiveCfg = Release|Any CPU
		{ACED5DB1-6FD8-489B-89C7-09516A12AACA}.Debug|Any CPU.ActiveCfg = Debug|Any CPU
		{ACED5DB1-6FD8-489B-89C7-09516A12AACA}.Debug|Any CPU.Build.0 = Debug|Any CPU
		{ACED5DB1-6FD8-489B-89C7-09516A12AACA}.Debug|Mixed Platforms.ActiveCfg = Debug|Any CPU
		{ACED5DB1-6FD8-489B-89C7-09516A12AACA}.Debug|Mixed Platforms.Build.0 = Debug|Any CPU
		{ACED5DB1-6FD8-489B-89C7-09516A12AACA}.Debug|x64.ActiveCfg = Debug|Any CPU
		{ACED5DB1-6FD8-489B-89C7-09516A12AACA}.Debug|x86.ActiveCfg = Debug|Any CPU
		{ACED5DB1-6FD8-489B-89C7-09516A12AACA}.Release|Any CPU.ActiveCfg = Release|Any CPU
		{ACED5DB1-6FD8-489B-89C7-09516A12AACA}.Release|Any CPU.Build.0 = Release|Any CPU
		{ACED5DB1-6FD8-489B-89C7-09516A12AACA}.Release|Mixed Platforms.ActiveCfg = Release|Any CPU
		{ACED5DB1-6FD8-489B-89C7-09516A12AACA}.Release|Mixed Platforms.Build.0 = Release|Any CPU
		{ACED5DB1-6FD8-489B-89C7-09516A12AACA}.Release|x64.ActiveCfg = Release|Any CPU
		{ACED5DB1-6FD8-489B-89C7-09516A12AACA}.Release|x86.ActiveCfg = Release|Any CPU
		{AF16D744-EBA3-4716-A242-D3B495D81AE1}.Debug|Any CPU.ActiveCfg = Debug|Any CPU
		{AF16D744-EBA3-4716-A242-D3B495D81AE1}.Debug|Any CPU.Build.0 = Debug|Any CPU
		{AF16D744-EBA3-4716-A242-D3B495D81AE1}.Debug|Mixed Platforms.ActiveCfg = Debug|Any CPU
		{AF16D744-EBA3-4716-A242-D3B495D81AE1}.Debug|Mixed Platforms.Build.0 = Debug|Any CPU
		{AF16D744-EBA3-4716-A242-D3B495D81AE1}.Debug|x64.ActiveCfg = Debug|Any CPU
		{AF16D744-EBA3-4716-A242-D3B495D81AE1}.Debug|x86.ActiveCfg = Debug|Any CPU
		{AF16D744-EBA3-4716-A242-D3B495D81AE1}.Release|Any CPU.ActiveCfg = Release|Any CPU
		{AF16D744-EBA3-4716-A242-D3B495D81AE1}.Release|Any CPU.Build.0 = Release|Any CPU
		{AF16D744-EBA3-4716-A242-D3B495D81AE1}.Release|Mixed Platforms.ActiveCfg = Release|Any CPU
		{AF16D744-EBA3-4716-A242-D3B495D81AE1}.Release|Mixed Platforms.Build.0 = Release|Any CPU
		{AF16D744-EBA3-4716-A242-D3B495D81AE1}.Release|x64.ActiveCfg = Release|Any CPU
		{AF16D744-EBA3-4716-A242-D3B495D81AE1}.Release|x86.ActiveCfg = Release|Any CPU
		{34B4CEC5-B675-4BB9-AD79-B5F3EF9CE8E9}.Debug|Any CPU.ActiveCfg = Debug|Any CPU
		{34B4CEC5-B675-4BB9-AD79-B5F3EF9CE8E9}.Debug|Any CPU.Build.0 = Debug|Any CPU
		{34B4CEC5-B675-4BB9-AD79-B5F3EF9CE8E9}.Debug|Mixed Platforms.ActiveCfg = Debug|Any CPU
		{34B4CEC5-B675-4BB9-AD79-B5F3EF9CE8E9}.Debug|Mixed Platforms.Build.0 = Debug|Any CPU
		{34B4CEC5-B675-4BB9-AD79-B5F3EF9CE8E9}.Debug|x64.ActiveCfg = Debug|Any CPU
		{34B4CEC5-B675-4BB9-AD79-B5F3EF9CE8E9}.Debug|x86.ActiveCfg = Debug|Any CPU
		{34B4CEC5-B675-4BB9-AD79-B5F3EF9CE8E9}.Release|Any CPU.ActiveCfg = Release|Any CPU
		{34B4CEC5-B675-4BB9-AD79-B5F3EF9CE8E9}.Release|Any CPU.Build.0 = Release|Any CPU
		{34B4CEC5-B675-4BB9-AD79-B5F3EF9CE8E9}.Release|Mixed Platforms.ActiveCfg = Release|Any CPU
		{34B4CEC5-B675-4BB9-AD79-B5F3EF9CE8E9}.Release|Mixed Platforms.Build.0 = Release|Any CPU
		{34B4CEC5-B675-4BB9-AD79-B5F3EF9CE8E9}.Release|x64.ActiveCfg = Release|Any CPU
		{34B4CEC5-B675-4BB9-AD79-B5F3EF9CE8E9}.Release|x86.ActiveCfg = Release|Any CPU
		{20423B1A-5938-4B6B-AEC0-BF2B971EB5C5}.Debug|Any CPU.ActiveCfg = Debug|Any CPU
		{20423B1A-5938-4B6B-AEC0-BF2B971EB5C5}.Debug|Any CPU.Build.0 = Debug|Any CPU
		{20423B1A-5938-4B6B-AEC0-BF2B971EB5C5}.Debug|Mixed Platforms.ActiveCfg = Debug|Any CPU
		{20423B1A-5938-4B6B-AEC0-BF2B971EB5C5}.Debug|Mixed Platforms.Build.0 = Debug|Any CPU
		{20423B1A-5938-4B6B-AEC0-BF2B971EB5C5}.Debug|x64.ActiveCfg = Debug|Any CPU
		{20423B1A-5938-4B6B-AEC0-BF2B971EB5C5}.Debug|x86.ActiveCfg = Debug|Any CPU
		{20423B1A-5938-4B6B-AEC0-BF2B971EB5C5}.Release|Any CPU.ActiveCfg = Release|Any CPU
		{20423B1A-5938-4B6B-AEC0-BF2B971EB5C5}.Release|Any CPU.Build.0 = Release|Any CPU
		{20423B1A-5938-4B6B-AEC0-BF2B971EB5C5}.Release|Mixed Platforms.ActiveCfg = Release|Any CPU
		{20423B1A-5938-4B6B-AEC0-BF2B971EB5C5}.Release|Mixed Platforms.Build.0 = Release|Any CPU
		{20423B1A-5938-4B6B-AEC0-BF2B971EB5C5}.Release|x64.ActiveCfg = Release|Any CPU
		{20423B1A-5938-4B6B-AEC0-BF2B971EB5C5}.Release|x86.ActiveCfg = Release|Any CPU
		{66C0B860-1C77-4E05-B6BB-4343290D7F2E}.Debug|Any CPU.ActiveCfg = Debug|Any CPU
		{66C0B860-1C77-4E05-B6BB-4343290D7F2E}.Debug|Any CPU.Build.0 = Debug|Any CPU
		{66C0B860-1C77-4E05-B6BB-4343290D7F2E}.Debug|Mixed Platforms.ActiveCfg = Debug|Any CPU
		{66C0B860-1C77-4E05-B6BB-4343290D7F2E}.Debug|Mixed Platforms.Build.0 = Debug|Any CPU
		{66C0B860-1C77-4E05-B6BB-4343290D7F2E}.Debug|x64.ActiveCfg = Debug|Any CPU
		{66C0B860-1C77-4E05-B6BB-4343290D7F2E}.Debug|x86.ActiveCfg = Debug|Any CPU
		{66C0B860-1C77-4E05-B6BB-4343290D7F2E}.Release|Any CPU.ActiveCfg = Release|Any CPU
		{66C0B860-1C77-4E05-B6BB-4343290D7F2E}.Release|Any CPU.Build.0 = Release|Any CPU
		{66C0B860-1C77-4E05-B6BB-4343290D7F2E}.Release|Mixed Platforms.ActiveCfg = Release|Any CPU
		{66C0B860-1C77-4E05-B6BB-4343290D7F2E}.Release|Mixed Platforms.Build.0 = Release|Any CPU
		{66C0B860-1C77-4E05-B6BB-4343290D7F2E}.Release|x64.ActiveCfg = Release|Any CPU
		{66C0B860-1C77-4E05-B6BB-4343290D7F2E}.Release|x86.ActiveCfg = Release|Any CPU
		{E9B9B532-23BB-4179-9163-586AC99948BE}.Debug|Any CPU.ActiveCfg = Debug|Any CPU
		{E9B9B532-23BB-4179-9163-586AC99948BE}.Debug|Any CPU.Build.0 = Debug|Any CPU
		{E9B9B532-23BB-4179-9163-586AC99948BE}.Debug|Mixed Platforms.ActiveCfg = Debug|Any CPU
		{E9B9B532-23BB-4179-9163-586AC99948BE}.Debug|Mixed Platforms.Build.0 = Debug|Any CPU
		{E9B9B532-23BB-4179-9163-586AC99948BE}.Debug|x64.ActiveCfg = Debug|Any CPU
		{E9B9B532-23BB-4179-9163-586AC99948BE}.Debug|x86.ActiveCfg = Debug|Any CPU
		{E9B9B532-23BB-4179-9163-586AC99948BE}.Release|Any CPU.ActiveCfg = Release|Any CPU
		{E9B9B532-23BB-4179-9163-586AC99948BE}.Release|Any CPU.Build.0 = Release|Any CPU
		{E9B9B532-23BB-4179-9163-586AC99948BE}.Release|Mixed Platforms.ActiveCfg = Release|Any CPU
		{E9B9B532-23BB-4179-9163-586AC99948BE}.Release|Mixed Platforms.Build.0 = Release|Any CPU
		{E9B9B532-23BB-4179-9163-586AC99948BE}.Release|x64.ActiveCfg = Release|Any CPU
		{E9B9B532-23BB-4179-9163-586AC99948BE}.Release|x86.ActiveCfg = Release|Any CPU
		{16A1E72D-F214-47DB-A3D0-59D441BBCCCD}.Debug|Any CPU.ActiveCfg = Debug|Any CPU
		{16A1E72D-F214-47DB-A3D0-59D441BBCCCD}.Debug|Any CPU.Build.0 = Debug|Any CPU
		{16A1E72D-F214-47DB-A3D0-59D441BBCCCD}.Debug|Mixed Platforms.ActiveCfg = Debug|Any CPU
		{16A1E72D-F214-47DB-A3D0-59D441BBCCCD}.Debug|Mixed Platforms.Build.0 = Debug|Any CPU
		{16A1E72D-F214-47DB-A3D0-59D441BBCCCD}.Debug|x64.ActiveCfg = Debug|Any CPU
		{16A1E72D-F214-47DB-A3D0-59D441BBCCCD}.Debug|x86.ActiveCfg = Debug|Any CPU
		{16A1E72D-F214-47DB-A3D0-59D441BBCCCD}.Release|Any CPU.ActiveCfg = Release|Any CPU
		{16A1E72D-F214-47DB-A3D0-59D441BBCCCD}.Release|Any CPU.Build.0 = Release|Any CPU
		{16A1E72D-F214-47DB-A3D0-59D441BBCCCD}.Release|Mixed Platforms.ActiveCfg = Release|Any CPU
		{16A1E72D-F214-47DB-A3D0-59D441BBCCCD}.Release|Mixed Platforms.Build.0 = Release|Any CPU
		{16A1E72D-F214-47DB-A3D0-59D441BBCCCD}.Release|x64.ActiveCfg = Release|Any CPU
		{16A1E72D-F214-47DB-A3D0-59D441BBCCCD}.Release|x86.ActiveCfg = Release|Any CPU
		{79F0ED0E-12AD-48F2-9B28-F932EEDC296D}.Debug|Any CPU.ActiveCfg = Debug|Any CPU
		{79F0ED0E-12AD-48F2-9B28-F932EEDC296D}.Debug|Any CPU.Build.0 = Debug|Any CPU
		{79F0ED0E-12AD-48F2-9B28-F932EEDC296D}.Debug|Mixed Platforms.ActiveCfg = Debug|Any CPU
		{79F0ED0E-12AD-48F2-9B28-F932EEDC296D}.Debug|Mixed Platforms.Build.0 = Debug|Any CPU
		{79F0ED0E-12AD-48F2-9B28-F932EEDC296D}.Debug|x64.ActiveCfg = Debug|Any CPU
		{79F0ED0E-12AD-48F2-9B28-F932EEDC296D}.Debug|x86.ActiveCfg = Debug|Any CPU
		{79F0ED0E-12AD-48F2-9B28-F932EEDC296D}.Release|Any CPU.ActiveCfg = Release|Any CPU
		{79F0ED0E-12AD-48F2-9B28-F932EEDC296D}.Release|Any CPU.Build.0 = Release|Any CPU
		{79F0ED0E-12AD-48F2-9B28-F932EEDC296D}.Release|Mixed Platforms.ActiveCfg = Release|Any CPU
		{79F0ED0E-12AD-48F2-9B28-F932EEDC296D}.Release|Mixed Platforms.Build.0 = Release|Any CPU
		{79F0ED0E-12AD-48F2-9B28-F932EEDC296D}.Release|x64.ActiveCfg = Release|Any CPU
		{79F0ED0E-12AD-48F2-9B28-F932EEDC296D}.Release|x86.ActiveCfg = Release|Any CPU
		{26FAC8F7-0E62-4FD6-AACC-F35608966098}.Debug|Any CPU.ActiveCfg = Debug|Any CPU
		{26FAC8F7-0E62-4FD6-AACC-F35608966098}.Debug|Any CPU.Build.0 = Debug|Any CPU
		{26FAC8F7-0E62-4FD6-AACC-F35608966098}.Debug|Mixed Platforms.ActiveCfg = Debug|Any CPU
		{26FAC8F7-0E62-4FD6-AACC-F35608966098}.Debug|Mixed Platforms.Build.0 = Debug|Any CPU
		{26FAC8F7-0E62-4FD6-AACC-F35608966098}.Debug|x64.ActiveCfg = Debug|Any CPU
		{26FAC8F7-0E62-4FD6-AACC-F35608966098}.Debug|x86.ActiveCfg = Debug|Any CPU
		{26FAC8F7-0E62-4FD6-AACC-F35608966098}.Release|Any CPU.ActiveCfg = Release|Any CPU
		{26FAC8F7-0E62-4FD6-AACC-F35608966098}.Release|Any CPU.Build.0 = Release|Any CPU
		{26FAC8F7-0E62-4FD6-AACC-F35608966098}.Release|Mixed Platforms.ActiveCfg = Release|Any CPU
		{26FAC8F7-0E62-4FD6-AACC-F35608966098}.Release|Mixed Platforms.Build.0 = Release|Any CPU
		{26FAC8F7-0E62-4FD6-AACC-F35608966098}.Release|x64.ActiveCfg = Release|Any CPU
		{26FAC8F7-0E62-4FD6-AACC-F35608966098}.Release|x86.ActiveCfg = Release|Any CPU
		{2D569098-BCD2-476B-B816-AF6E4361B033}.Debug|Any CPU.ActiveCfg = Debug|Any CPU
		{2D569098-BCD2-476B-B816-AF6E4361B033}.Debug|Any CPU.Build.0 = Debug|Any CPU
		{2D569098-BCD2-476B-B816-AF6E4361B033}.Debug|Mixed Platforms.ActiveCfg = Debug|Any CPU
		{2D569098-BCD2-476B-B816-AF6E4361B033}.Debug|Mixed Platforms.Build.0 = Debug|Any CPU
		{2D569098-BCD2-476B-B816-AF6E4361B033}.Debug|x64.ActiveCfg = Debug|Any CPU
		{2D569098-BCD2-476B-B816-AF6E4361B033}.Debug|x86.ActiveCfg = Debug|Any CPU
		{2D569098-BCD2-476B-B816-AF6E4361B033}.Release|Any CPU.ActiveCfg = Release|Any CPU
		{2D569098-BCD2-476B-B816-AF6E4361B033}.Release|Any CPU.Build.0 = Release|Any CPU
		{2D569098-BCD2-476B-B816-AF6E4361B033}.Release|Mixed Platforms.ActiveCfg = Release|Any CPU
		{2D569098-BCD2-476B-B816-AF6E4361B033}.Release|Mixed Platforms.Build.0 = Release|Any CPU
		{2D569098-BCD2-476B-B816-AF6E4361B033}.Release|x64.ActiveCfg = Release|Any CPU
		{2D569098-BCD2-476B-B816-AF6E4361B033}.Release|x86.ActiveCfg = Release|Any CPU
		{1E39B780-9FA9-4B03-B790-ADEA0A291A16}.Debug|Any CPU.ActiveCfg = Debug|Any CPU
		{1E39B780-9FA9-4B03-B790-ADEA0A291A16}.Debug|Any CPU.Build.0 = Debug|Any CPU
		{1E39B780-9FA9-4B03-B790-ADEA0A291A16}.Debug|Mixed Platforms.ActiveCfg = Debug|Any CPU
		{1E39B780-9FA9-4B03-B790-ADEA0A291A16}.Debug|Mixed Platforms.Build.0 = Debug|Any CPU
		{1E39B780-9FA9-4B03-B790-ADEA0A291A16}.Debug|x64.ActiveCfg = Debug|Any CPU
		{1E39B780-9FA9-4B03-B790-ADEA0A291A16}.Debug|x86.ActiveCfg = Debug|Any CPU
		{1E39B780-9FA9-4B03-B790-ADEA0A291A16}.Release|Any CPU.ActiveCfg = Release|Any CPU
		{1E39B780-9FA9-4B03-B790-ADEA0A291A16}.Release|Any CPU.Build.0 = Release|Any CPU
		{1E39B780-9FA9-4B03-B790-ADEA0A291A16}.Release|Mixed Platforms.ActiveCfg = Release|Any CPU
		{1E39B780-9FA9-4B03-B790-ADEA0A291A16}.Release|Mixed Platforms.Build.0 = Release|Any CPU
		{1E39B780-9FA9-4B03-B790-ADEA0A291A16}.Release|x64.ActiveCfg = Release|Any CPU
		{1E39B780-9FA9-4B03-B790-ADEA0A291A16}.Release|x86.ActiveCfg = Release|Any CPU
	EndGlobalSection
	GlobalSection(SolutionProperties) = preSolution
		HideSolutionNode = FALSE
	EndGlobalSection
EndGlobal
